
Microsoft Visual Studio Solution File, Format Version 12.00
# Visual Studio 2012
Project("{FAE04EC0-301F-11D3-BF4B-00C04F79EFBC}") = "Insertion_sort3", "Insertion_sort3\Insertion_sort3.csproj", "{B99E10F3-577F-4BAA-9FE6-12982198055B}"
EndProject
Global
	GlobalSection(SolutionConfigurationPlatforms) = preSolution
		Debug|Any CPU = Debug|Any CPU
		Release|Any CPU = Release|Any CPU
	EndGlobalSection
	GlobalSection(ProjectConfigurationPlatforms) = postSolution
		{B99E10F3-577F-4BAA-9FE6-12982198055B}.Debug|Any CPU.ActiveCfg = Debug|Any CPU
		{B99E10F3-577F-4BAA-9FE6-12982198055B}.Debug|Any CPU.Build.0 = Debug|Any CPU
		{B99E10F3-577F-4BAA-9FE6-12982198055B}.Release|Any CPU.ActiveCfg = Release|Any CPU
		{B99E10F3-577F-4BAA-9FE6-12982198055B}.Release|Any CPU.Build.0 = Release|Any CPU
	EndGlobalSection
	GlobalSection(SolutionProperties) = preSolution
		HideSolutionNode = FALSE
	EndGlobalSection
EndGlobal
