
Microsoft Visual Studio Solution File, Format Version 12.00
# Visual Studio 2012
Project("{FAE04EC0-301F-11D3-BF4B-00C04F79EFBC}") = "Merge_Sort3", "Merge_Sort3\Merge_Sort3.csproj", "{A18AC432-B4DB-420B-A9F9-1EBBC293475C}"
EndProject
Global
	GlobalSection(SolutionConfigurationPlatforms) = preSolution
		Debug|Any CPU = Debug|Any CPU
		Release|Any CPU = Release|Any CPU
	EndGlobalSection
	GlobalSection(ProjectConfigurationPlatforms) = postSolution
		{A18AC432-B4DB-420B-A9F9-1EBBC293475C}.Debug|Any CPU.ActiveCfg = Debug|Any CPU
		{A18AC432-B4DB-420B-A9F9-1EBBC293475C}.Debug|Any CPU.Build.0 = Debug|Any CPU
		{A18AC432-B4DB-420B-A9F9-1EBBC293475C}.Release|Any CPU.ActiveCfg = Release|Any CPU
		{A18AC432-B4DB-420B-A9F9-1EBBC293475C}.Release|Any CPU.Build.0 = Release|Any CPU
	EndGlobalSection
	GlobalSection(SolutionProperties) = preSolution
		HideSolutionNode = FALSE
	EndGlobalSection
EndGlobal
